
Microsoft Visual Studio Solution File, Format Version 12.00
# Visual Studio Version 16
VisualStudioVersion = 16.0.32901.82
MinimumVisualStudioVersion = 10.0.40219.1
Project("{FAE04EC0-301F-11D3-BF4B-00C04F79EFBC}") = "BannerlordFirewall", "BannerlordFirewall\BannerlordFirewall.csproj", "{4B4D26F1-118F-4511-B554-8CE2689AE81A}"
EndProject
Global
	GlobalSection(SolutionConfigurationPlatforms) = preSolution
		Debug|Any CPU = Debug|Any CPU
		Release|Any CPU = Release|Any CPU
	EndGlobalSection
	GlobalSection(ProjectConfigurationPlatforms) = postSolution
		{4B4D26F1-118F-4511-B554-8CE2689AE81A}.Debug|Any CPU.ActiveCfg = Debug|Any CPU
		{4B4D26F1-118F-4511-B554-8CE2689AE81A}.Debug|Any CPU.Build.0 = Debug|Any CPU
		{4B4D26F1-118F-4511-B554-8CE2689AE81A}.Release|Any CPU.ActiveCfg = Release|Any CPU
		{4B4D26F1-118F-4511-B554-8CE2689AE81A}.Release|Any CPU.Build.0 = Release|Any CPU
	EndGlobalSection
	GlobalSection(SolutionProperties) = preSolution
		HideSolutionNode = FALSE
	EndGlobalSection
	GlobalSection(ExtensibilityGlobals) = postSolution
		SolutionGuid = {B82F05F6-E3C4-45A8-AF52-7F1F2952A433}
	EndGlobalSection
EndGlobal
